
Microsoft Visual Studio Solution File, Format Version 12.00
# Visual Studio Version 17
VisualStudioVersion = 17.0.31919.166
MinimumVisualStudioVersion = 10.0.40219.1
Project("{9A19103F-16F7-4668-BE54-9A1E7A4F7556}") = "TestProject", "TestProject\TestProject.csproj", "{67BE1502-E98C-4C02-84BB-577FBC853E1E}"
EndProject
Project("{FAE04EC0-301F-11D3-BF4B-00C04F79EFBC}") = "TestProject.Tests", "TestProject.Tests\TestProject.Tests.csproj", "{7FDD1CD8-DD10-40EC-821F-774A16744CF6}"
EndProject
Global
	GlobalSection(SolutionConfigurationPlatforms) = preSolution
		Debug|Any CPU = Debug|Any CPU
		Release|Any CPU = Release|Any CPU
	EndGlobalSection
	GlobalSection(ProjectConfigurationPlatforms) = postSolution
		{67BE1502-E98C-4C02-84BB-577FBC853E1E}.Debug|Any CPU.ActiveCfg = Debug|Any CPU
		{67BE1502-E98C-4C02-84BB-577FBC853E1E}.Debug|Any CPU.Build.0 = Debug|Any CPU
		{67BE1502-E98C-4C02-84BB-577FBC853E1E}.Release|Any CPU.ActiveCfg = Release|Any CPU
		{67BE1502-E98C-4C02-84BB-577FBC853E1E}.Release|Any CPU.Build.0 = Release|Any CPU
		{7FDD1CD8-DD10-40EC-821F-774A16744CF6}.Debug|Any CPU.ActiveCfg = Debug|Any CPU
		{7FDD1CD8-DD10-40EC-821F-774A16744CF6}.Debug|Any CPU.Build.0 = Debug|Any CPU
		{7FDD1CD8-DD10-40EC-821F-774A16744CF6}.Release|Any CPU.ActiveCfg = Release|Any CPU
		{7FDD1CD8-DD10-40EC-821F-774A16744CF6}.Release|Any CPU.Build.0 = Release|Any CPU
	EndGlobalSection
	GlobalSection(SolutionProperties) = preSolution
		HideSolutionNode = FALSE
	EndGlobalSection
	GlobalSection(ExtensibilityGlobals) = postSolution
		SolutionGuid = {36980ABA-8349-4DF2-890A-486556801914}
	EndGlobalSection
EndGlobal
